
Microsoft Visual Studio Solution File, Format Version 12.00
Project("{FAE04EC0-301F-11D3-BF4B-00C04F79EFBC}") = "LinzLinienAlexaSkill", "src\LinzLinienAlexaSkill\LinzLinienAlexaSkill.csproj", "{5B3B8E90-865D-4BCC-93A2-4A94DD22CB95}"
EndProject
Project("{2150E333-8FDC-42A3-9474-1A3956D46DE8}") = "src", "src", "{DE32BA10-B35F-4B29-969A-CBA779421B5A}"
EndProject
Project("{2150E333-8FDC-42A3-9474-1A3956D46DE8}") = "lib", "lib", "{904C97F3-4CAC-4885-83C0-90ACE6CF16BE}"
EndProject
Project("{FAE04EC0-301F-11D3-BF4B-00C04F79EFBC}") = "LinzLinienEfa.Domain", "lib\linz-linien-efa\src\LinzLinienEfa.Domain\LinzLinienEfa.Domain.csproj", "{50DAD38C-D82A-484D-B3C1-6136C02DCCAA}"
EndProject
Project("{FAE04EC0-301F-11D3-BF4B-00C04F79EFBC}") = "LinzLinienEfa.Service.Common", "lib\linz-linien-efa\src\LinzLinienEfa.Service.Common\LinzLinienEfa.Service.Common.csproj", "{C0870BF9-70DD-41BD-90E8-40C6F3848332}"
EndProject
Project("{2150E333-8FDC-42A3-9474-1A3956D46DE8}") = "util", "util", "{590BAADF-5450-40EF-841D-1095345911DE}"
EndProject
Project("{FAE04EC0-301F-11D3-BF4B-00C04F79EFBC}") = "LinzLinienAlexaSkill.ModelUtil", "util\LinzLinienAlexaSkill.ModelUtil\LinzLinienAlexaSkill.ModelUtil.csproj", "{F626FBC5-32A4-4425-8A6E-FBC8CDF8E3BD}"
EndProject
Global
	GlobalSection(SolutionConfigurationPlatforms) = preSolution
		Debug|Any CPU = Debug|Any CPU
		Release|Any CPU = Release|Any CPU
	EndGlobalSection
	GlobalSection(ProjectConfigurationPlatforms) = postSolution
		{5B3B8E90-865D-4BCC-93A2-4A94DD22CB95}.Debug|Any CPU.ActiveCfg = Debug|Any CPU
		{5B3B8E90-865D-4BCC-93A2-4A94DD22CB95}.Debug|Any CPU.Build.0 = Debug|Any CPU
		{5B3B8E90-865D-4BCC-93A2-4A94DD22CB95}.Release|Any CPU.ActiveCfg = Release|Any CPU
		{5B3B8E90-865D-4BCC-93A2-4A94DD22CB95}.Release|Any CPU.Build.0 = Release|Any CPU
		{50DAD38C-D82A-484D-B3C1-6136C02DCCAA}.Debug|Any CPU.ActiveCfg = Debug|Any CPU
		{50DAD38C-D82A-484D-B3C1-6136C02DCCAA}.Debug|Any CPU.Build.0 = Debug|Any CPU
		{50DAD38C-D82A-484D-B3C1-6136C02DCCAA}.Release|Any CPU.ActiveCfg = Release|Any CPU
		{50DAD38C-D82A-484D-B3C1-6136C02DCCAA}.Release|Any CPU.Build.0 = Release|Any CPU
		{C0870BF9-70DD-41BD-90E8-40C6F3848332}.Debug|Any CPU.ActiveCfg = Debug|Any CPU
		{C0870BF9-70DD-41BD-90E8-40C6F3848332}.Debug|Any CPU.Build.0 = Debug|Any CPU
		{C0870BF9-70DD-41BD-90E8-40C6F3848332}.Release|Any CPU.ActiveCfg = Release|Any CPU
		{C0870BF9-70DD-41BD-90E8-40C6F3848332}.Release|Any CPU.Build.0 = Release|Any CPU
		{F626FBC5-32A4-4425-8A6E-FBC8CDF8E3BD}.Debug|Any CPU.ActiveCfg = Debug|Any CPU
		{F626FBC5-32A4-4425-8A6E-FBC8CDF8E3BD}.Debug|Any CPU.Build.0 = Debug|Any CPU
		{F626FBC5-32A4-4425-8A6E-FBC8CDF8E3BD}.Release|Any CPU.ActiveCfg = Release|Any CPU
		{F626FBC5-32A4-4425-8A6E-FBC8CDF8E3BD}.Release|Any CPU.Build.0 = Release|Any CPU
	EndGlobalSection
	GlobalSection(NestedProjects) = preSolution
		{5B3B8E90-865D-4BCC-93A2-4A94DD22CB95} = {DE32BA10-B35F-4B29-969A-CBA779421B5A}
		{50DAD38C-D82A-484D-B3C1-6136C02DCCAA} = {904C97F3-4CAC-4885-83C0-90ACE6CF16BE}
		{C0870BF9-70DD-41BD-90E8-40C6F3848332} = {904C97F3-4CAC-4885-83C0-90ACE6CF16BE}
		{F626FBC5-32A4-4425-8A6E-FBC8CDF8E3BD} = {590BAADF-5450-40EF-841D-1095345911DE}
	EndGlobalSection
EndGlobal
